
Microsoft Visual Studio Solution File, Format Version 12.00
# Visual Studio 2013
VisualStudioVersion = 12.0.31101.0
MinimumVisualStudioVersion = 10.0.40219.1
Project("{888888A0-9F3D-457C-B088-3A5042F75D52}") = "Website", "website\Website.pyproj", "{1F92EFA6-97EE-410A-9A4E-AB0D1D395AA2}"
EndProject
Project("{2150E333-8FDC-42A3-9474-1A3956D46DE8}") = "Assets", "Assets", "{D047E271-5F36-4E8D-833B-8B0DE247F97E}"
	ProjectSection(SolutionItems) = preProject
		..\Pi server\mainpage2015\img\background_original.png = ..\Pi server\mainpage2015\img\background_original.png
	EndProjectSection
EndProject
Global
	GlobalSection(SolutionConfigurationPlatforms) = preSolution
		Debug|Any CPU = Debug|Any CPU
		Release|Any CPU = Release|Any CPU
	EndGlobalSection
	GlobalSection(ProjectConfigurationPlatforms) = postSolution
		{1F92EFA6-97EE-410A-9A4E-AB0D1D395AA2}.Debug|Any CPU.ActiveCfg = Debug|Any CPU
		{1F92EFA6-97EE-410A-9A4E-AB0D1D395AA2}.Debug|Any CPU.Build.0 = Debug|Any CPU
		{1F92EFA6-97EE-410A-9A4E-AB0D1D395AA2}.Release|Any CPU.ActiveCfg = Release|Any CPU
		{1F92EFA6-97EE-410A-9A4E-AB0D1D395AA2}.Release|Any CPU.Build.0 = Release|Any CPU
	EndGlobalSection
	GlobalSection(SolutionProperties) = preSolution
		HideSolutionNode = FALSE
	EndGlobalSection
EndGlobal
